
Microsoft Visual Studio Solution File, Format Version 12.00
# Visual Studio Version 16
VisualStudioVersion = 16.0.31019.35
MinimumVisualStudioVersion = 10.0.40219.1
Project("{FAE04EC0-301F-11D3-BF4B-00C04F79EFBC}") = "BMICalculator", "BMICalculator\BMICalculator.csproj", "{B8615E47-3624-44A8-AD0C-85556F5AA036}"
EndProject
Global
	GlobalSection(SolutionConfigurationPlatforms) = preSolution
		Debug|Any CPU = Debug|Any CPU
		Release|Any CPU = Release|Any CPU
	EndGlobalSection
	GlobalSection(ProjectConfigurationPlatforms) = postSolution
		{B8615E47-3624-44A8-AD0C-85556F5AA036}.Debug|Any CPU.ActiveCfg = Debug|Any CPU
		{B8615E47-3624-44A8-AD0C-85556F5AA036}.Debug|Any CPU.Build.0 = Debug|Any CPU
		{B8615E47-3624-44A8-AD0C-85556F5AA036}.Release|Any CPU.ActiveCfg = Release|Any CPU
		{B8615E47-3624-44A8-AD0C-85556F5AA036}.Release|Any CPU.Build.0 = Release|Any CPU
	EndGlobalSection
	GlobalSection(SolutionProperties) = preSolution
		HideSolutionNode = FALSE
	EndGlobalSection
	GlobalSection(ExtensibilityGlobals) = postSolution
		SolutionGuid = {6A762685-48C8-46CE-9886-D0B823AB6358}
	EndGlobalSection
EndGlobal
